
Microsoft Visual Studio Solution File, Format Version 12.00
# Visual Studio Version 16
VisualStudioVersion = 16.0.30114.105
MinimumVisualStudioVersion = 10.0.40219.1
Project("{FAE04EC0-301F-11D3-BF4B-00C04F79EFBC}") = "GumballMachine", "GumballMachine\GumballMachine.csproj", "{06307BBD-34FF-4CE3-B98A-602BC8C5F18F}"
EndProject
Project("{FAE04EC0-301F-11D3-BF4B-00C04F79EFBC}") = "GumballMachine.Tests", "GumballMachine.Tests\GumballMachine.Tests.csproj", "{8B9BDA00-391D-4BA6-BDB2-D6BA46FF1154}"
EndProject
Global
	GlobalSection(SolutionConfigurationPlatforms) = preSolution
		Debug|Any CPU = Debug|Any CPU
		Release|Any CPU = Release|Any CPU
	EndGlobalSection
	GlobalSection(SolutionProperties) = preSolution
		HideSolutionNode = FALSE
	EndGlobalSection
	GlobalSection(ProjectConfigurationPlatforms) = postSolution
		{06307BBD-34FF-4CE3-B98A-602BC8C5F18F}.Debug|Any CPU.ActiveCfg = Debug|Any CPU
		{06307BBD-34FF-4CE3-B98A-602BC8C5F18F}.Debug|Any CPU.Build.0 = Debug|Any CPU
		{06307BBD-34FF-4CE3-B98A-602BC8C5F18F}.Release|Any CPU.ActiveCfg = Release|Any CPU
		{06307BBD-34FF-4CE3-B98A-602BC8C5F18F}.Release|Any CPU.Build.0 = Release|Any CPU
		{8B9BDA00-391D-4BA6-BDB2-D6BA46FF1154}.Debug|Any CPU.ActiveCfg = Debug|Any CPU
		{8B9BDA00-391D-4BA6-BDB2-D6BA46FF1154}.Debug|Any CPU.Build.0 = Debug|Any CPU
		{8B9BDA00-391D-4BA6-BDB2-D6BA46FF1154}.Release|Any CPU.ActiveCfg = Release|Any CPU
		{8B9BDA00-391D-4BA6-BDB2-D6BA46FF1154}.Release|Any CPU.Build.0 = Release|Any CPU
	EndGlobalSection
EndGlobal
