
Microsoft Visual Studio Solution File, Format Version 12.00
# Visual Studio Version 16
VisualStudioVersion = 16.0.30114.105
MinimumVisualStudioVersion = 10.0.40219.1
Project("{FAE04EC0-301F-11D3-BF4B-00C04F79EFBC}") = "WeatherStation", "WeatherStation\WeatherStation.csproj", "{252751BB-0046-40CA-8300-6FF5348232D7}"
EndProject
Project("{FAE04EC0-301F-11D3-BF4B-00C04F79EFBC}") = "WeatherStation.Tests", "WeatherStation.Tests\WeatherStation.Tests.csproj", "{19EF6008-B9FB-4D3C-B2B2-D395B55CCBE3}"
EndProject
Global
	GlobalSection(SolutionConfigurationPlatforms) = preSolution
		Debug|Any CPU = Debug|Any CPU
		Release|Any CPU = Release|Any CPU
	EndGlobalSection
	GlobalSection(SolutionProperties) = preSolution
		HideSolutionNode = FALSE
	EndGlobalSection
	GlobalSection(ProjectConfigurationPlatforms) = postSolution
		{252751BB-0046-40CA-8300-6FF5348232D7}.Debug|Any CPU.ActiveCfg = Debug|Any CPU
		{252751BB-0046-40CA-8300-6FF5348232D7}.Debug|Any CPU.Build.0 = Debug|Any CPU
		{252751BB-0046-40CA-8300-6FF5348232D7}.Release|Any CPU.ActiveCfg = Release|Any CPU
		{252751BB-0046-40CA-8300-6FF5348232D7}.Release|Any CPU.Build.0 = Release|Any CPU
		{19EF6008-B9FB-4D3C-B2B2-D395B55CCBE3}.Debug|Any CPU.ActiveCfg = Debug|Any CPU
		{19EF6008-B9FB-4D3C-B2B2-D395B55CCBE3}.Debug|Any CPU.Build.0 = Debug|Any CPU
		{19EF6008-B9FB-4D3C-B2B2-D395B55CCBE3}.Release|Any CPU.ActiveCfg = Release|Any CPU
		{19EF6008-B9FB-4D3C-B2B2-D395B55CCBE3}.Release|Any CPU.Build.0 = Release|Any CPU
	EndGlobalSection
EndGlobal
